# This file is generated by running "yarn install" inside your project.
# Manual changes might be lost - proceed with caution!

__metadata:
  version: 8
  cacheKey: 10c0

"process@npm:^0.11.10":
  version: 0.11.10
  resolution: "process@npm:0.11.10"
  checksum: 40c3ce4b7e6d4b8c3355479df77aeed46f81b279818ccdc500124e6a5ab882c0cc81ff7ea16384873a95a74c4570b01b120f287abbdd4c877931460eca6084b3
  languageName: node
  linkType: hard

"react-dom@npm:19.2.0":
  version: 19.2.0
  resolution: "react-dom@npm:19.2.0"
  dependencies:
    scheduler: "npm:^0.27.0"
  peerDependencies:
    react: ^19.2.0
  checksum: fa2cae05248d01288e91523b590ce4e7635b1e13f1344e225f850d722a8da037bf0782f63b1c1d46353334e0c696909b82e582f8cad607948fde6f7646cc18d9
  languageName: node
  linkType: hard

"react@npm:19.2.0":
  version: 19.2.0
  resolution: "react@npm:19.2.0"
  checksum: 1b6d64eacb9324725bfe1e7860cb7a6b8a34bc89a482920765ebff5c10578eb487e6b46b2f0df263bd27a25edbdae2c45e5ea5d81ae61404301c1a7192c38330
  languageName: node
  linkType: hard

"rumext@workspace:.":
  version: 0.0.0-use.local
  resolution: "rumext@workspace:."
  dependencies:
    process: "npm:^0.11.10"
    react: "npm:19.2.0"
    react-dom: "npm:19.2.0"
  languageName: unknown
  linkType: soft

"scheduler@npm:^0.27.0":
  version: 0.27.0
  resolution: "scheduler@npm:0.27.0"
  checksum: 4f03048cb05a3c8fddc45813052251eca00688f413a3cee236d984a161da28db28ba71bd11e7a3dd02f7af84ab28d39fb311431d3b3772fed557945beb00c452
  languageName: node
  linkType: hard
